// !$*UTF8*$!
{
	archiveVersion = 1;
	classes = {
	};
	objectVersion = 56;
	objects = {

/* Begin PBXBuildFile section */
		AC14A6FD2F0A565800CE91AC /* Leet-1758.swift in Sources */ = {isa = PBXBuildFile; fileRef = AC14A6FC2F0A565800CE91AC /* Leet-1758.swift */; };
		AC579B7B2C59027300D1C9FC /* Programmers-133502.swift in Sources */ = {isa = PBXBuildFile; fileRef = AC579B7A2C59027300D1C9FC /* Programmers-133502.swift */; };
		AC579B7D2C5916DE00D1C9FC /* Programmers-258712.swift in Sources */ = {isa = PBXBuildFile; fileRef = AC579B7C2C5916DE00D1C9FC /* Programmers-258712.swift */; };
		AC604C612C78C37900804950 /* Programmers-43165.swift in Sources */ = {isa = PBXBuildFile; fileRef = AC604C602C78C37900804950 /* Programmers-43165.swift */; };
		ACE8364F2B148F2F00245D57 /* main.swift in Sources */ = {isa = PBXBuildFile; fileRef = ACE8364D2B148F2500245D57 /* main.swift */; };
/* End PBXBuildFile section */

/* Begin PBXCopyFilesBuildPhase section */
		ACE8363F2B147E8C00245D57 /* CopyFiles */ = {
			isa = PBXCopyFilesBuildPhase;
			buildActionMask = 2147483647;
			dstPath = /usr/share/man/man1/;
			dstSubfolderSpec = 0;
			files = (
			);
			runOnlyForDeploymentPostprocessing = 1;
		};
/* End PBXCopyFilesBuildPhase section */

/* Begin PBXFileReference section */
		AC0A450F2B23320700A91FD2 /* BOJ-1654.swift */ = {isa = PBXFileReference; lastKnownFileType = sourcecode.swift; path = "BOJ-1654.swift"; sourceTree = "<group>"; };
		AC0A45102B23585D00A91FD2 /* BOJ-18111.swift */ = {isa = PBXFileReference; lastKnownFileType = sourcecode.swift; path = "BOJ-18111.swift"; sourceTree = "<group>"; };
		AC0A45112B247BB800A91FD2 /* BinarySearchTree.swift */ = {isa = PBXFileReference; lastKnownFileType = sourcecode.swift; path = BinarySearchTree.swift; sourceTree = "<group>"; };
		AC0A45122B25E18C00A91FD2 /* BOJ-17478.swift */ = {isa = PBXFileReference; lastKnownFileType = sourcecode.swift; path = "BOJ-17478.swift"; sourceTree = "<group>"; };
		AC0A45142B25EDA400A91FD2 /* RecursiveFunction.swift */ = {isa = PBXFileReference; lastKnownFileType = sourcecode.swift; path = RecursiveFunction.swift; sourceTree = "<group>"; };
		AC14A6FC2F0A565800CE91AC /* Leet-1758.swift */ = {isa = PBXFileReference; lastKnownFileType = sourcecode.swift; path = "Leet-1758.swift"; sourceTree = "<group>"; };
		AC1FF2742B1726A700A4812E /* BOJ-10809.swift */ = {isa = PBXFileReference; lastKnownFileType = sourcecode.swift; path = "BOJ-10809.swift"; sourceTree = "<group>"; };
		AC1FF2752B1858AB00A4812E /* BOJ-10871.swift */ = {isa = PBXFileReference; lastKnownFileType = sourcecode.swift; path = "BOJ-10871.swift"; sourceTree = "<group>"; };
		AC1FF2762B186D7200A4812E /* BOJ-1259.swift */ = {isa = PBXFileReference; lastKnownFileType = sourcecode.swift; path = "BOJ-1259.swift"; sourceTree = "<group>"; };
		AC1FF2772B1A1F5000A4812E /* BOJ-10773.swift */ = {isa = PBXFileReference; lastKnownFileType = sourcecode.swift; path = "BOJ-10773.swift"; sourceTree = "<group>"; };
		AC1FF2782B1B7CD600A4812E /* BOJ-10699.swift */ = {isa = PBXFileReference; lastKnownFileType = sourcecode.swift; path = "BOJ-10699.swift"; sourceTree = "<group>"; };
		AC200BCD2B29F62B0085FC49 /* BOJ-1003.swift */ = {isa = PBXFileReference; lastKnownFileType = sourcecode.swift; path = "BOJ-1003.swift"; sourceTree = "<group>"; };
		AC21313A2B27169B0051A148 /* BOJ-18511.swift */ = {isa = PBXFileReference; lastKnownFileType = sourcecode.swift; path = "BOJ-18511.swift"; sourceTree = "<group>"; };
		AC21313B2B285B360051A148 /* BOJ-2630.swift */ = {isa = PBXFileReference; lastKnownFileType = sourcecode.swift; path = "BOJ-2630.swift"; sourceTree = "<group>"; };
		AC301E3F2B3A81A100FDE27E /* BOJ-1012.swift */ = {isa = PBXFileReference; lastKnownFileType = sourcecode.swift; path = "BOJ-1012.swift"; sourceTree = "<group>"; };
		AC3B5A6C2B1B91600099355D /* BOJ-2292.swift */ = {isa = PBXFileReference; lastKnownFileType = sourcecode.swift; path = "BOJ-2292.swift"; sourceTree = "<group>"; };
		AC3B5A6D2B1CC5B70099355D /* BOJ-10828.swift */ = {isa = PBXFileReference; lastKnownFileType = sourcecode.swift; path = "BOJ-10828.swift"; sourceTree = "<group>"; };
		AC3B5A6E2B1CEB320099355D /* BOJ-11866.swift */ = {isa = PBXFileReference; lastKnownFileType = sourcecode.swift; path = "BOJ-11866.swift"; sourceTree = "<group>"; };
		AC3B5A6F2B1CF23F0099355D /* BOJ-11650.swift */ = {isa = PBXFileReference; lastKnownFileType = sourcecode.swift; path = "BOJ-11650.swift"; sourceTree = "<group>"; };
		AC4CF76B2B1EF77800A45294 /* BOJ-9012.swift */ = {isa = PBXFileReference; lastKnownFileType = sourcecode.swift; path = "BOJ-9012.swift"; sourceTree = "<group>"; };
		AC4CF76C2B1F682F00A45294 /* BOJ-10816.swift */ = {isa = PBXFileReference; lastKnownFileType = sourcecode.swift; path = "BOJ-10816.swift"; sourceTree = "<group>"; };
		AC4CF76D2B2025FC00A45294 /* BOJ-10845.swift */ = {isa = PBXFileReference; lastKnownFileType = sourcecode.swift; path = "BOJ-10845.swift"; sourceTree = "<group>"; };
		AC579B7A2C59027300D1C9FC /* Programmers-133502.swift */ = {isa = PBXFileReference; lastKnownFileType = sourcecode.swift; path = "Programmers-133502.swift"; sourceTree = "<group>"; };
		AC579B7C2C5916DE00D1C9FC /* Programmers-258712.swift */ = {isa = PBXFileReference; lastKnownFileType = sourcecode.swift; path = "Programmers-258712.swift"; sourceTree = "<group>"; };
		AC579BA42C60DB5500D1C9FC /* BOJ-2667.swift */ = {isa = PBXFileReference; lastKnownFileType = sourcecode.swift; path = "BOJ-2667.swift"; sourceTree = "<group>"; };
		AC579BA52C6213A300D1C9FC /* BOJ-1463.swift */ = {isa = PBXFileReference; lastKnownFileType = sourcecode.swift; path = "BOJ-1463.swift"; sourceTree = "<group>"; };
		AC5A4B1A2B1709D80005338B /* BOJ-10250.swift */ = {isa = PBXFileReference; lastKnownFileType = sourcecode.swift; path = "BOJ-10250.swift"; sourceTree = "<group>"; };
		AC5A4B1B2B1714090005338B /* BOJ-2920.swift */ = {isa = PBXFileReference; lastKnownFileType = sourcecode.swift; path = "BOJ-2920.swift"; sourceTree = "<group>"; };
		AC5A7AC62BE31EA600A13991 /* Sorting.swift */ = {isa = PBXFileReference; lastKnownFileType = sourcecode.swift; path = Sorting.swift; sourceTree = "<group>"; };
		AC5A7AC72BE31ECC00A13991 /* Graph.swift */ = {isa = PBXFileReference; lastKnownFileType = sourcecode.swift; path = Graph.swift; sourceTree = "<group>"; };
		AC5A7AC82BE31ECC00A13991 /* GraphSearch.swift */ = {isa = PBXFileReference; lastKnownFileType = sourcecode.swift; path = GraphSearch.swift; sourceTree = "<group>"; };
		AC5A7AC92BE31ECC00A13991 /* FloodFill.swift */ = {isa = PBXFileReference; lastKnownFileType = sourcecode.swift; path = FloodFill.swift; sourceTree = "<group>"; };
		AC5CDDD22B1CF8D3006420EB /* BOJ-10814.swift */ = {isa = PBXFileReference; lastKnownFileType = sourcecode.swift; path = "BOJ-10814.swift"; sourceTree = "<group>"; };
		AC604BCB2C637B0600804950 /* BOJ-11724.swift */ = {isa = PBXFileReference; lastKnownFileType = sourcecode.swift; path = "BOJ-11724.swift"; sourceTree = "<group>"; };
		AC604BE32C648E9300804950 /* BOJ-10026.swift */ = {isa = PBXFileReference; lastKnownFileType = sourcecode.swift; path = "BOJ-10026.swift"; sourceTree = "<group>"; };
		AC604BE42C64B13400804950 /* SieveOfEratosthenes.swift */ = {isa = PBXFileReference; lastKnownFileType = sourcecode.swift; path = SieveOfEratosthenes.swift; sourceTree = "<group>"; };
		AC604C1C2C68C0E400804950 /* BOJ-11725.swift */ = {isa = PBXFileReference; lastKnownFileType = sourcecode.swift; path = "BOJ-11725.swift"; sourceTree = "<group>"; };
		AC604C382C6DFD5E00804950 /* BOJ-2468.swift */ = {isa = PBXFileReference; lastKnownFileType = sourcecode.swift; path = "BOJ-2468.swift"; sourceTree = "<group>"; };
		AC604C392C721F3200804950 /* BOJ-1520.swift */ = {isa = PBXFileReference; lastKnownFileType = sourcecode.swift; path = "BOJ-1520.swift"; sourceTree = "<group>"; };
		AC604C602C78C37900804950 /* Programmers-43165.swift */ = {isa = PBXFileReference; lastKnownFileType = sourcecode.swift; path = "Programmers-43165.swift"; sourceTree = "<group>"; };
		AC709CA92B1DE8DC00D8DDFC /* BOJ-1920.swift */ = {isa = PBXFileReference; lastKnownFileType = sourcecode.swift; path = "BOJ-1920.swift"; sourceTree = "<group>"; };
		AC709CAA2B1ED8CB00D8DDFC /* BOJ-2164.swift */ = {isa = PBXFileReference; lastKnownFileType = sourcecode.swift; path = "BOJ-2164.swift"; sourceTree = "<group>"; };
		AC709CAB2B1EDB0F00D8DDFC /* Queue.swift */ = {isa = PBXFileReference; lastKnownFileType = sourcecode.swift; path = Queue.swift; sourceTree = "<group>"; };
		AC709CAD2B1EDE0300D8DDFC /* BinarySearch.swift */ = {isa = PBXFileReference; lastKnownFileType = sourcecode.swift; path = BinarySearch.swift; sourceTree = "<group>"; };
		AC8D62E42B2046100016E4EE /* BOJ-10866.swift */ = {isa = PBXFileReference; lastKnownFileType = sourcecode.swift; path = "BOJ-10866.swift"; sourceTree = "<group>"; };
		AC8D62E52B2046400016E4EE /* Deque.swift */ = {isa = PBXFileReference; lastKnownFileType = sourcecode.swift; path = Deque.swift; sourceTree = "<group>"; };
		AC8D62E62B2059B80016E4EE /* BOJ-15829.swift */ = {isa = PBXFileReference; lastKnownFileType = sourcecode.swift; path = "BOJ-15829.swift"; sourceTree = "<group>"; };
		AC8D62E72B20779E0016E4EE /* BOJ-2775.swift */ = {isa = PBXFileReference; lastKnownFileType = sourcecode.swift; path = "BOJ-2775.swift"; sourceTree = "<group>"; };
		AC8D62E82B207D3E0016E4EE /* BOJ-1676.swift */ = {isa = PBXFileReference; lastKnownFileType = sourcecode.swift; path = "BOJ-1676.swift"; sourceTree = "<group>"; };
		AC8D62E92B20A5270016E4EE /* BOJ-11651.swift */ = {isa = PBXFileReference; lastKnownFileType = sourcecode.swift; path = "BOJ-11651.swift"; sourceTree = "<group>"; };
		AC8D62EA2B217D270016E4EE /* BOJ-18110.swift */ = {isa = PBXFileReference; lastKnownFileType = sourcecode.swift; path = "BOJ-18110.swift"; sourceTree = "<group>"; };
		AC8D62EB2B21A2F30016E4EE /* BOJ-4949.swift */ = {isa = PBXFileReference; lastKnownFileType = sourcecode.swift; path = "BOJ-4949.swift"; sourceTree = "<group>"; };
		AC8D62EC2B21B9F20016E4EE /* BOJ-1966.swift */ = {isa = PBXFileReference; lastKnownFileType = sourcecode.swift; path = "BOJ-1966.swift"; sourceTree = "<group>"; };
		AC9FCFD82BBE349B00395FC2 /* LinkedList.swift */ = {isa = PBXFileReference; lastKnownFileType = sourcecode.swift; path = LinkedList.swift; sourceTree = "<group>"; };
		AC9FCFD92BBE44A500395FC2 /* BOJ-3273.swift */ = {isa = PBXFileReference; lastKnownFileType = sourcecode.swift; path = "BOJ-3273.swift"; sourceTree = "<group>"; };
		ACB7172F2B21CCEB00FE49ED /* BOJ-2108.swift */ = {isa = PBXFileReference; lastKnownFileType = sourcecode.swift; path = "BOJ-2108.swift"; sourceTree = "<group>"; };
		ACDF67F92BCE07570046766B /* Stack.swift */ = {isa = PBXFileReference; lastKnownFileType = sourcecode.swift; path = Stack.swift; sourceTree = "<group>"; };
		ACDF67FF2BCE449F0046766B /* Hash.swift */ = {isa = PBXFileReference; lastKnownFileType = sourcecode.swift; path = Hash.swift; sourceTree = "<group>"; };
		ACE836412B147E8C00245D57 /* SolvedEverything */ = {isa = PBXFileReference; explicitFileType = "compiled.mach-o.executable"; includeInIndex = 0; path = SolvedEverything; sourceTree = BUILT_PRODUCTS_DIR; };
		ACE836442B147E8C00245D57 /* BOJ-1157.swift */ = {isa = PBXFileReference; lastKnownFileType = sourcecode.swift; path = "BOJ-1157.swift"; sourceTree = "<group>"; };
		ACE8364D2B148F2500245D57 /* main.swift */ = {isa = PBXFileReference; lastKnownFileType = sourcecode.swift; path = main.swift; sourceTree = "<group>"; };
		ACE836512B15CA3700245D57 /* BOJ-2562.swift */ = {isa = PBXFileReference; lastKnownFileType = sourcecode.swift; path = "BOJ-2562.swift"; sourceTree = "<group>"; };
		ACE836522B15D54900245D57 /* BOJ-10951.swift */ = {isa = PBXFileReference; lastKnownFileType = sourcecode.swift; path = "BOJ-10951.swift"; sourceTree = "<group>"; };
		ACF6869B2B3BC6D00015575A /* BOJ-1260.swift */ = {isa = PBXFileReference; lastKnownFileType = sourcecode.swift; path = "BOJ-1260.swift"; sourceTree = "<group>"; };
		ACF6869C2B3BC7820015575A /* DepthFirstSearch(DFS).swift */ = {isa = PBXFileReference; lastKnownFileType = sourcecode.swift; path = "DepthFirstSearch(DFS).swift"; sourceTree = "<group>"; };
/* End PBXFileReference section */

/* Begin PBXFrameworksBuildPhase section */
		ACE8363E2B147E8C00245D57 /* Frameworks */ = {
			isa = PBXFrameworksBuildPhase;
			buildActionMask = 2147483647;
			files = (
			);
			runOnlyForDeploymentPostprocessing = 0;
		};
/* End PBXFrameworksBuildPhase section */

/* Begin PBXGroup section */
		AC14A6FB2F0A563E00CE91AC /* LeetCode */ = {
			isa = PBXGroup;
			children = (
				AC14A6FC2F0A565800CE91AC /* Leet-1758.swift */,
			);
			path = LeetCode;
			sourceTree = "<group>";
		};
		AC2131392B2716140051A148 /* Unsolved_SomeoneAnswer */ = {
			isa = PBXGroup;
			children = (
				AC21313A2B27169B0051A148 /* BOJ-18511.swift */,
			);
			path = Unsolved_SomeoneAnswer;
			sourceTree = "<group>";
		};
		AC579B792C59022500D1C9FC /* Programmers */ = {
			isa = PBXGroup;
			children = (
				AC579B7A2C59027300D1C9FC /* Programmers-133502.swift */,
				AC579B7C2C5916DE00D1C9FC /* Programmers-258712.swift */,
				AC604C602C78C37900804950 /* Programmers-43165.swift */,
			);
			path = Programmers;
			sourceTree = "<group>";
		};
		AC709CAC2B1EDB1700D8DDFC /* Algorithm */ = {
			isa = PBXGroup;
			children = (
				AC5A7AC92BE31ECC00A13991 /* FloodFill.swift */,
				AC5A7AC72BE31ECC00A13991 /* Graph.swift */,
				AC5A7AC82BE31ECC00A13991 /* GraphSearch.swift */,
				AC5A7AC62BE31EA600A13991 /* Sorting.swift */,
				AC709CAB2B1EDB0F00D8DDFC /* Queue.swift */,
				ACDF67F92BCE07570046766B /* Stack.swift */,
				ACDF67FF2BCE449F0046766B /* Hash.swift */,
				AC8D62E52B2046400016E4EE /* Deque.swift */,
				AC709CAD2B1EDE0300D8DDFC /* BinarySearch.swift */,
				AC0A45112B247BB800A91FD2 /* BinarySearchTree.swift */,
				AC0A45142B25EDA400A91FD2 /* RecursiveFunction.swift */,
				ACF6869C2B3BC7820015575A /* DepthFirstSearch(DFS).swift */,
				AC9FCFD82BBE349B00395FC2 /* LinkedList.swift */,
				AC604BE42C64B13400804950 /* SieveOfEratosthenes.swift */,
			);
			path = Algorithm;
			sourceTree = "<group>";
		};
		ACE836382B147E8C00245D57 = {
			isa = PBXGroup;
			children = (
				ACE8364D2B148F2500245D57 /* main.swift */,
				AC14A6FB2F0A563E00CE91AC /* LeetCode */,
				AC579B792C59022500D1C9FC /* Programmers */,
				ACE836502B14903100245D57 /* Solved */,
				AC2131392B2716140051A148 /* Unsolved_SomeoneAnswer */,
				AC709CAC2B1EDB1700D8DDFC /* Algorithm */,
				ACE836422B147E8C00245D57 /* Products */,
			);
			sourceTree = "<group>";
		};
		ACE836422B147E8C00245D57 /* Products */ = {
			isa = PBXGroup;
			children = (
				ACE836412B147E8C00245D57 /* SolvedEverything */,
			);
			name = Products;
			sourceTree = "<group>";
		};
		ACE836502B14903100245D57 /* Solved */ = {
			isa = PBXGroup;
			children = (
				ACE836442B147E8C00245D57 /* BOJ-1157.swift */,
				ACE836512B15CA3700245D57 /* BOJ-2562.swift */,
				ACE836522B15D54900245D57 /* BOJ-10951.swift */,
				AC5A4B1A2B1709D80005338B /* BOJ-10250.swift */,
				AC5A4B1B2B1714090005338B /* BOJ-2920.swift */,
				AC1FF2742B1726A700A4812E /* BOJ-10809.swift */,
				AC1FF2752B1858AB00A4812E /* BOJ-10871.swift */,
				AC1FF2762B186D7200A4812E /* BOJ-1259.swift */,
				AC1FF2772B1A1F5000A4812E /* BOJ-10773.swift */,
				AC1FF2782B1B7CD600A4812E /* BOJ-10699.swift */,
				AC3B5A6C2B1B91600099355D /* BOJ-2292.swift */,
				AC3B5A6D2B1CC5B70099355D /* BOJ-10828.swift */,
				AC3B5A6E2B1CEB320099355D /* BOJ-11866.swift */,
				AC3B5A6F2B1CF23F0099355D /* BOJ-11650.swift */,
				AC5CDDD22B1CF8D3006420EB /* BOJ-10814.swift */,
				AC709CA92B1DE8DC00D8DDFC /* BOJ-1920.swift */,
				AC709CAA2B1ED8CB00D8DDFC /* BOJ-2164.swift */,
				AC4CF76B2B1EF77800A45294 /* BOJ-9012.swift */,
				AC4CF76C2B1F682F00A45294 /* BOJ-10816.swift */,
				AC4CF76D2B2025FC00A45294 /* BOJ-10845.swift */,
				AC8D62E42B2046100016E4EE /* BOJ-10866.swift */,
				AC8D62E62B2059B80016E4EE /* BOJ-15829.swift */,
				AC8D62E72B20779E0016E4EE /* BOJ-2775.swift */,
				AC8D62E82B207D3E0016E4EE /* BOJ-1676.swift */,
				AC8D62E92B20A5270016E4EE /* BOJ-11651.swift */,
				AC8D62EA2B217D270016E4EE /* BOJ-18110.swift */,
				AC8D62EB2B21A2F30016E4EE /* BOJ-4949.swift */,
				AC8D62EC2B21B9F20016E4EE /* BOJ-1966.swift */,
				ACB7172F2B21CCEB00FE49ED /* BOJ-2108.swift */,
				AC0A450F2B23320700A91FD2 /* BOJ-1654.swift */,
				AC0A45102B23585D00A91FD2 /* BOJ-18111.swift */,
				AC0A45122B25E18C00A91FD2 /* BOJ-17478.swift */,
				AC21313B2B285B360051A148 /* BOJ-2630.swift */,
				AC200BCD2B29F62B0085FC49 /* BOJ-1003.swift */,
				AC301E3F2B3A81A100FDE27E /* BOJ-1012.swift */,
				ACF6869B2B3BC6D00015575A /* BOJ-1260.swift */,
				AC9FCFD92BBE44A500395FC2 /* BOJ-3273.swift */,
				AC579BA42C60DB5500D1C9FC /* BOJ-2667.swift */,
				AC579BA52C6213A300D1C9FC /* BOJ-1463.swift */,
				AC604BCB2C637B0600804950 /* BOJ-11724.swift */,
				AC604BE32C648E9300804950 /* BOJ-10026.swift */,
				AC604C1C2C68C0E400804950 /* BOJ-11725.swift */,
				AC604C382C6DFD5E00804950 /* BOJ-2468.swift */,
				AC604C392C721F3200804950 /* BOJ-1520.swift */,
			);
			path = Solved;
			sourceTree = "<group>";
		};
/* End PBXGroup section */

/* Begin PBXNativeTarget section */
		ACE836402B147E8C00245D57 /* SolvedEverything */ = {
			isa = PBXNativeTarget;
			buildConfigurationList = ACE836482B147E8C00245D57 /* Build configuration list for PBXNativeTarget "SolvedEverything" */;
			buildPhases = (
				ACE8363D2B147E8C00245D57 /* Sources */,
				ACE8363E2B147E8C00245D57 /* Frameworks */,
				ACE8363F2B147E8C00245D57 /* CopyFiles */,
			);
			buildRules = (
			);
			dependencies = (
			);
			name = SolvedEverything;
			productName = SolvedEverything;
			productReference = ACE836412B147E8C00245D57 /* SolvedEverything */;
			productType = "com.apple.product-type.tool";
		};
/* End PBXNativeTarget section */

/* Begin PBXProject section */
		ACE836392B147E8C00245D57 /* Project object */ = {
			isa = PBXProject;
			attributes = {
				BuildIndependentTargetsInParallel = 1;
				LastSwiftUpdateCheck = 1500;
				LastUpgradeCheck = 1500;
				TargetAttributes = {
					ACE836402B147E8C00245D57 = {
						CreatedOnToolsVersion = 15.0.1;
					};
				};
			};
			buildConfigurationList = ACE8363C2B147E8C00245D57 /* Build configuration list for PBXProject "SolvedEverything" */;
			compatibilityVersion = "Xcode 14.0";
			developmentRegion = en;
			hasScannedForEncodings = 0;
			knownRegions = (
				en,
				Base,
			);
			mainGroup = ACE836382B147E8C00245D57;
			productRefGroup = ACE836422B147E8C00245D57 /* Products */;
			projectDirPath = "";
			projectRoot = "";
			targets = (
				ACE836402B147E8C00245D57 /* SolvedEverything */,
			);
		};
/* End PBXProject section */

/* Begin PBXSourcesBuildPhase section */
		ACE8363D2B147E8C00245D57 /* Sources */ = {
			isa = PBXSourcesBuildPhase;
			buildActionMask = 2147483647;
			files = (
				AC579B7D2C5916DE00D1C9FC /* Programmers-258712.swift in Sources */,
				AC604C612C78C37900804950 /* Programmers-43165.swift in Sources */,
				ACE8364F2B148F2F00245D57 /* main.swift in Sources */,
				AC579B7B2C59027300D1C9FC /* Programmers-133502.swift in Sources */,
				AC14A6FD2F0A565800CE91AC /* Leet-1758.swift in Sources */,
			);
			runOnlyForDeploymentPostprocessing = 0;
		};
/* End PBXSourcesBuildPhase section */

/* Begin XCBuildConfiguration section */
		ACE836462B147E8C00245D57 /* Debug */ = {
			isa = XCBuildConfiguration;
			buildSettings = {
				ALWAYS_SEARCH_USER_PATHS = NO;
				ASSETCATALOG_COMPILER_GENERATE_SWIFT_ASSET_SYMBOL_EXTENSIONS = YES;
				CLANG_ANALYZER_NONNULL = YES;
				CLANG_ANALYZER_NUMBER_OBJECT_CONVERSION = YES_AGGRESSIVE;
				CLANG_CXX_LANGUAGE_STANDARD = "gnu++20";
				CLANG_ENABLE_MODULES = YES;
				CLANG_ENABLE_OBJC_ARC = YES;
				CLANG_ENABLE_OBJC_WEAK = YES;
				CLANG_WARN_BLOCK_CAPTURE_AUTORELEASING = YES;
				CLANG_WARN_BOOL_CONVERSION = YES;
				CLANG_WARN_COMMA = YES;
				CLANG_WARN_CONSTANT_CONVERSION = YES;
				CLANG_WARN_DEPRECATED_OBJC_IMPLEMENTATIONS = YES;
				CLANG_WARN_DIRECT_OBJC_ISA_USAGE = YES_ERROR;
				CLANG_WARN_DOCUMENTATION_COMMENTS = YES;
				CLANG_WARN_EMPTY_BODY = YES;
				CLANG_WARN_ENUM_CONVERSION = YES;
				CLANG_WARN_INFINITE_RECURSION = YES;
				CLANG_WARN_INT_CONVERSION = YES;
				CLANG_WARN_NON_LITERAL_NULL_CONVERSION = YES;
				CLANG_WARN_OBJC_IMPLICIT_RETAIN_SELF = YES;
				CLANG_WARN_OBJC_LITERAL_CONVERSION = YES;
				CLANG_WARN_OBJC_ROOT_CLASS = YES_ERROR;
				CLANG_WARN_QUOTED_INCLUDE_IN_FRAMEWORK_HEADER = YES;
				CLANG_WARN_RANGE_LOOP_ANALYSIS = YES;
				CLANG_WARN_STRICT_PROTOTYPES = YES;
				CLANG_WARN_SUSPICIOUS_MOVE = YES;
				CLANG_WARN_UNGUARDED_AVAILABILITY = YES_AGGRESSIVE;
				CLANG_WARN_UNREACHABLE_CODE = YES;
				CLANG_WARN__DUPLICATE_METHOD_MATCH = YES;
				COPY_PHASE_STRIP = NO;
				DEBUG_INFORMATION_FORMAT = dwarf;
				ENABLE_STRICT_OBJC_MSGSEND = YES;
				ENABLE_TESTABILITY = YES;
				ENABLE_USER_SCRIPT_SANDBOXING = YES;
				GCC_C_LANGUAGE_STANDARD = gnu17;
				GCC_DYNAMIC_NO_PIC = NO;
				GCC_NO_COMMON_BLOCKS = YES;
				GCC_OPTIMIZATION_LEVEL = 0;
				GCC_PREPROCESSOR_DEFINITIONS = (
					"DEBUG=1",
					"$(inherited)",
				);
				GCC_WARN_64_TO_32_BIT_CONVERSION = YES;
				GCC_WARN_ABOUT_RETURN_TYPE = YES_ERROR;
				GCC_WARN_UNDECLARED_SELECTOR = YES;
				GCC_WARN_UNINITIALIZED_AUTOS = YES_AGGRESSIVE;
				GCC_WARN_UNUSED_FUNCTION = YES;
				GCC_WARN_UNUSED_VARIABLE = YES;
				LOCALIZATION_PREFERS_STRING_CATALOGS = YES;
				MACOSX_DEPLOYMENT_TARGET = 14.0;
				MTL_ENABLE_DEBUG_INFO = INCLUDE_SOURCE;
				MTL_FAST_MATH = YES;
				ONLY_ACTIVE_ARCH = YES;
				SDKROOT = macosx;
				SWIFT_ACTIVE_COMPILATION_CONDITIONS = "DEBUG $(inherited)";
				SWIFT_OPTIMIZATION_LEVEL = "-Onone";
			};
			name = Debug;
		};
		ACE836472B147E8C00245D57 /* Release */ = {
			isa = XCBuildConfiguration;
			buildSettings = {
				ALWAYS_SEARCH_USER_PATHS = NO;
				ASSETCATALOG_COMPILER_GENERATE_SWIFT_ASSET_SYMBOL_EXTENSIONS = YES;
				CLANG_ANALYZER_NONNULL = YES;
				CLANG_ANALYZER_NUMBER_OBJECT_CONVERSION = YES_AGGRESSIVE;
				CLANG_CXX_LANGUAGE_STANDARD = "gnu++20";
				CLANG_ENABLE_MODULES = YES;
				CLANG_ENABLE_OBJC_ARC = YES;
				CLANG_ENABLE_OBJC_WEAK = YES;
				CLANG_WARN_BLOCK_CAPTURE_AUTORELEASING = YES;
				CLANG_WARN_BOOL_CONVERSION = YES;
				CLANG_WARN_COMMA = YES;
				CLANG_WARN_CONSTANT_CONVERSION = YES;
				CLANG_WARN_DEPRECATED_OBJC_IMPLEMENTATIONS = YES;
				CLANG_WARN_DIRECT_OBJC_ISA_USAGE = YES_ERROR;
				CLANG_WARN_DOCUMENTATION_COMMENTS = YES;
				CLANG_WARN_EMPTY_BODY = YES;
				CLANG_WARN_ENUM_CONVERSION = YES;
				CLANG_WARN_INFINITE_RECURSION = YES;
				CLANG_WARN_INT_CONVERSION = YES;
				CLANG_WARN_NON_LITERAL_NULL_CONVERSION = YES;
				CLANG_WARN_OBJC_IMPLICIT_RETAIN_SELF = YES;
				CLANG_WARN_OBJC_LITERAL_CONVERSION = YES;
				CLANG_WARN_OBJC_ROOT_CLASS = YES_ERROR;
				CLANG_WARN_QUOTED_INCLUDE_IN_FRAMEWORK_HEADER = YES;
				CLANG_WARN_RANGE_LOOP_ANALYSIS = YES;
				CLANG_WARN_STRICT_PROTOTYPES = YES;
				CLANG_WARN_SUSPICIOUS_MOVE = YES;
				CLANG_WARN_UNGUARDED_AVAILABILITY = YES_AGGRESSIVE;
				CLANG_WARN_UNREACHABLE_CODE = YES;
				CLANG_WARN__DUPLICATE_METHOD_MATCH = YES;
				COPY_PHASE_STRIP = NO;
				DEBUG_INFORMATION_FORMAT = "dwarf-with-dsym";
				ENABLE_NS_ASSERTIONS = NO;
				ENABLE_STRICT_OBJC_MSGSEND = YES;
				ENABLE_USER_SCRIPT_SANDBOXING = YES;
				GCC_C_LANGUAGE_STANDARD = gnu17;
				GCC_NO_COMMON_BLOCKS = YES;
				GCC_WARN_64_TO_32_BIT_CONVERSION = YES;
				GCC_WARN_ABOUT_RETURN_TYPE = YES_ERROR;
				GCC_WARN_UNDECLARED_SELECTOR = YES;
				GCC_WARN_UNINITIALIZED_AUTOS = YES_AGGRESSIVE;
				GCC_WARN_UNUSED_FUNCTION = YES;
				GCC_WARN_UNUSED_VARIABLE = YES;
				LOCALIZATION_PREFERS_STRING_CATALOGS = YES;
				MACOSX_DEPLOYMENT_TARGET = 14.0;
				MTL_ENABLE_DEBUG_INFO = NO;
				MTL_FAST_MATH = YES;
				SDKROOT = macosx;
				SWIFT_COMPILATION_MODE = wholemodule;
			};
			name = Release;
		};
		ACE836492B147E8C00245D57 /* Debug */ = {
			isa = XCBuildConfiguration;
			buildSettings = {
				CODE_SIGN_STYLE = Automatic;
				DEVELOPMENT_TEAM = 92Y6UC7Q5M;
				ENABLE_HARDENED_RUNTIME = YES;
				PRODUCT_NAME = "$(TARGET_NAME)";
				SWIFT_VERSION = 5.0;
			};
			name = Debug;
		};
		ACE8364A2B147E8C00245D57 /* Release */ = {
			isa = XCBuildConfiguration;
			buildSettings = {
				CODE_SIGN_STYLE = Automatic;
				DEVELOPMENT_TEAM = 92Y6UC7Q5M;
				ENABLE_HARDENED_RUNTIME = YES;
				PRODUCT_NAME = "$(TARGET_NAME)";
				SWIFT_VERSION = 5.0;
			};
			name = Release;
		};
/* End XCBuildConfiguration section */

/* Begin XCConfigurationList section */
		ACE8363C2B147E8C00245D57 /* Build configuration list for PBXProject "SolvedEverything" */ = {
			isa = XCConfigurationList;
			buildConfigurations = (
				ACE836462B147E8C00245D57 /* Debug */,
				ACE836472B147E8C00245D57 /* Release */,
			);
			defaultConfigurationIsVisible = 0;
			defaultConfigurationName = Release;
		};
		ACE836482B147E8C00245D57 /* Build configuration list for PBXNativeTarget "SolvedEverything" */ = {
			isa = XCConfigurationList;
			buildConfigurations = (
				ACE836492B147E8C00245D57 /* Debug */,
				ACE8364A2B147E8C00245D57 /* Release */,
			);
			defaultConfigurationIsVisible = 0;
			defaultConfigurationName = Release;
		};
/* End XCConfigurationList section */
	};
	rootObject = ACE836392B147E8C00245D57 /* Project object */;
}
